
Microsoft Visual Studio Solution File, Format Version 12.00
# Visual Studio Version 17
VisualStudioVersion = 17.0.32014.148
MinimumVisualStudioVersion = 10.0.40219.1
Project("{FAE04EC0-301F-11D3-BF4B-00C04F79EFBC}") = "FirstCsharpProgram", "FirstCsharpProgram\FirstCsharpProgram.csproj", "{DD9E9E14-A2B2-43F9-822A-9E169D8C9031}"
EndProject
Global
	GlobalSection(SolutionConfigurationPlatforms) = preSolution
		Debug|Any CPU = Debug|Any CPU
		Release|Any CPU = Release|Any CPU
	EndGlobalSection
	GlobalSection(ProjectConfigurationPlatforms) = postSolution
		{DD9E9E14-A2B2-43F9-822A-9E169D8C9031}.Debug|Any CPU.ActiveCfg = Debug|Any CPU
		{DD9E9E14-A2B2-43F9-822A-9E169D8C9031}.Debug|Any CPU.Build.0 = Debug|Any CPU
		{DD9E9E14-A2B2-43F9-822A-9E169D8C9031}.Release|Any CPU.ActiveCfg = Release|Any CPU
		{DD9E9E14-A2B2-43F9-822A-9E169D8C9031}.Release|Any CPU.Build.0 = Release|Any CPU
	EndGlobalSection
	GlobalSection(SolutionProperties) = preSolution
		HideSolutionNode = FALSE
	EndGlobalSection
	GlobalSection(ExtensibilityGlobals) = postSolution
		SolutionGuid = {7371F7F9-83A5-4B66-BB6D-5B6CACC064FA}
	EndGlobalSection
EndGlobal
